// !$*UTF8*$!
{
	archiveVersion = 1;
	classes = {
	};
	objectVersion = 50;
	objects = {

/* Begin PBXBuildFile section */
		A15D00132086DA6100271B9D /* BarbershopAppointments.swift in Sources */ = {isa = PBXBuildFile; fileRef = A15D00122086DA6100271B9D /* BarbershopAppointments.swift */; };
		A15D00152086DF6400271B9D /* BarbershopAppointmentsTest.swift in Sources */ = {isa = PBXBuildFile; fileRef = A15D00142086DF6400271B9D /* BarbershopAppointmentsTest.swift */; };
		A15D00182086E3C800271B9D /* AppointmentCell.swift in Sources */ = {isa = PBXBuildFile; fileRef = A15D00162086E3C800271B9D /* AppointmentCell.swift */; };
		A15D00192086E3C800271B9D /* AppointmentCell.xib in Resources */ = {isa = PBXBuildFile; fileRef = A15D00172086E3C800271B9D /* AppointmentCell.xib */; };
		A15D001D2086F04200271B9D /* AppUtilities.swift in Sources */ = {isa = PBXBuildFile; fileRef = A15D001C2086F04200271B9D /* AppUtilities.swift */; };
		A1C77DC92086380400006DD9 /* Assets.xcassets in Resources */ = {isa = PBXBuildFile; fileRef = A1C77DC82086380400006DD9 /* Assets.xcassets */; };
		A1C77DCC2086380400006DD9 /* LaunchScreen.storyboard in Resources */ = {isa = PBXBuildFile; fileRef = A1C77DCA2086380400006DD9 /* LaunchScreen.storyboard */; };
		A1C77DE6208638A600006DD9 /* AppCoordinator.swift in Sources */ = {isa = PBXBuildFile; fileRef = A1C77DE2208638A600006DD9 /* AppCoordinator.swift */; };
		A1C77DE7208638A600006DD9 /* MockData.swift in Sources */ = {isa = PBXBuildFile; fileRef = A1C77DE3208638A600006DD9 /* MockData.swift */; };
		A1C77DE8208638A600006DD9 /* AppInstrospection.swift in Sources */ = {isa = PBXBuildFile; fileRef = A1C77DE4208638A600006DD9 /* AppInstrospection.swift */; };
		A1C77DE9208638A600006DD9 /* AppDelegate.swift in Sources */ = {isa = PBXBuildFile; fileRef = A1C77DE5208638A600006DD9 /* AppDelegate.swift */; };
		A1C77DED208638CA00006DD9 /* Barbershop.swift in Sources */ = {isa = PBXBuildFile; fileRef = A1C77DEB208638CA00006DD9 /* Barbershop.swift */; };
		A1C77DEE208638CA00006DD9 /* Barber.swift in Sources */ = {isa = PBXBuildFile; fileRef = A1C77DEC208638CA00006DD9 /* Barber.swift */; };
		A1C77DF3208638E300006DD9 /* ExposableAsDetails.swift in Sources */ = {isa = PBXBuildFile; fileRef = A1C77DF0208638E200006DD9 /* ExposableAsDetails.swift */; };
		A1C77DF4208638E300006DD9 /* ExposableAsCollection.swift in Sources */ = {isa = PBXBuildFile; fileRef = A1C77DF1208638E200006DD9 /* ExposableAsCollection.swift */; };
		A1C77DF5208638E300006DD9 /* Exposable.swift in Sources */ = {isa = PBXBuildFile; fileRef = A1C77DF2208638E200006DD9 /* Exposable.swift */; };
		A1C77DFB208638EB00006DD9 /* LocationVC.swift in Sources */ = {isa = PBXBuildFile; fileRef = A1C77DF7208638EB00006DD9 /* LocationVC.swift */; };
		A1C77DFC208638EB00006DD9 /* CollectionItemVC.swift in Sources */ = {isa = PBXBuildFile; fileRef = A1C77DF8208638EB00006DD9 /* CollectionItemVC.swift */; };
		A1C77DFD208638EB00006DD9 /* CollectionVC.swift in Sources */ = {isa = PBXBuildFile; fileRef = A1C77DF9208638EB00006DD9 /* CollectionVC.swift */; };
		A1C77DFE208638EB00006DD9 /* GalleryVC.swift in Sources */ = {isa = PBXBuildFile; fileRef = A1C77DFA208638EB00006DD9 /* GalleryVC.swift */; };
		A1C77E052086392000006DD9 /* CollectionCell.xib in Resources */ = {isa = PBXBuildFile; fileRef = A1C77E002086391F00006DD9 /* CollectionCell.xib */; };
		A1C77E062086392000006DD9 /* Main.storyboard in Resources */ = {isa = PBXBuildFile; fileRef = A1C77E022086392000006DD9 /* Main.storyboard */; };
		A1C77E072086392000006DD9 /* CollectionCell.swift in Sources */ = {isa = PBXBuildFile; fileRef = A1C77E042086392000006DD9 /* CollectionCell.swift */; };
		A1C77E0E2086395200006DD9 /* barbeiro01.jpg in Resources */ = {isa = PBXBuildFile; fileRef = A1C77E092086395100006DD9 /* barbeiro01.jpg */; };
		A1C77E0F2086395200006DD9 /* barbeiro02.jpg in Resources */ = {isa = PBXBuildFile; fileRef = A1C77E0A2086395100006DD9 /* barbeiro02.jpg */; };
		A1C77E102086395200006DD9 /* barbeiro03.jpg in Resources */ = {isa = PBXBuildFile; fileRef = A1C77E0B2086395100006DD9 /* barbeiro03.jpg */; };
		A1C77E112086395200006DD9 /* brotherhood.png in Resources */ = {isa = PBXBuildFile; fileRef = A1C77E0C2086395200006DD9 /* brotherhood.png */; };
		A1C77E122086395200006DD9 /* barbeiro04.jpg in Resources */ = {isa = PBXBuildFile; fileRef = A1C77E0D2086395200006DD9 /* barbeiro04.jpg */; };
		A1C77E152086397900006DD9 /* PlazazCore.framework in Frameworks */ = {isa = PBXBuildFile; fileRef = A1C77E142086397900006DD9 /* PlazazCore.framework */; };
		A1C77E18208639C100006DD9 /* UIStoryboardExtension.swift in Sources */ = {isa = PBXBuildFile; fileRef = A1C77E17208639C000006DD9 /* UIStoryboardExtension.swift */; };
		A1C77E1A20863CD200006DD9 /* AppImage.png in Resources */ = {isa = PBXBuildFile; fileRef = A1C77E1920863CD100006DD9 /* AppImage.png */; };
		A1C77E1C20863D2100006DD9 /* MainCollection.swift in Sources */ = {isa = PBXBuildFile; fileRef = A1C77E1B20863D2100006DD9 /* MainCollection.swift */; };
		A1C77E1E20863F3D00006DD9 /* barbeariaBeto.jpg in Resources */ = {isa = PBXBuildFile; fileRef = A1C77E1D20863F3D00006DD9 /* barbeariaBeto.jpg */; };
		A1C77E202086474E00006DD9 /* ProfileVC.swift in Sources */ = {isa = PBXBuildFile; fileRef = A1C77E1F2086474E00006DD9 /* ProfileVC.swift */; };
		A1C77E5620866B5600006DD9 /* ProfileView.swift in Sources */ = {isa = PBXBuildFile; fileRef = A1C77E5520866B5600006DD9 /* ProfileView.swift */; };
		A1C77E58208678F700006DD9 /* ProfilePresentationController.swift in Sources */ = {isa = PBXBuildFile; fileRef = A1C77E57208678F700006DD9 /* ProfilePresentationController.swift */; };
		A1C77E5B20867B3500006DD9 /* ProfileTransitioner.swift in Sources */ = {isa = PBXBuildFile; fileRef = A1C77E5A20867B3500006DD9 /* ProfileTransitioner.swift */; };
		A1C77E5D2086819800006DD9 /* ProfileTransitionerDelegate.swift in Sources */ = {isa = PBXBuildFile; fileRef = A1C77E5C2086819800006DD9 /* ProfileTransitionerDelegate.swift */; };
		A1D84C602086CDA300276FE0 /* Appointment.swift in Sources */ = {isa = PBXBuildFile; fileRef = A1D84C5F2086CDA300276FE0 /* Appointment.swift */; };
		A1FC88722087B8F7004F20B3 /* AppColorPallete.swift in Sources */ = {isa = PBXBuildFile; fileRef = A1FC88712087B8F7004F20B3 /* AppColorPallete.swift */; };
/* End PBXBuildFile section */

/* Begin PBXContainerItemProxy section */
		A1C77DD32086380500006DD9 /* PBXContainerItemProxy */ = {
			isa = PBXContainerItemProxy;
			containerPortal = A1C77DB62086380200006DD9 /* Project object */;
			proxyType = 1;
			remoteGlobalIDString = A1C77DBD2086380200006DD9;
			remoteInfo = Barbicha;
		};
/* End PBXContainerItemProxy section */

/* Begin PBXFileReference section */
		A15D00122086DA6100271B9D /* BarbershopAppointments.swift */ = {isa = PBXFileReference; lastKnownFileType = sourcecode.swift; path = BarbershopAppointments.swift; sourceTree = "<group>"; };
		A15D00142086DF6400271B9D /* BarbershopAppointmentsTest.swift */ = {isa = PBXFileReference; lastKnownFileType = sourcecode.swift; path = BarbershopAppointmentsTest.swift; sourceTree = "<group>"; };
		A15D00162086E3C800271B9D /* AppointmentCell.swift */ = {isa = PBXFileReference; lastKnownFileType = sourcecode.swift; path = AppointmentCell.swift; sourceTree = "<group>"; };
		A15D00172086E3C800271B9D /* AppointmentCell.xib */ = {isa = PBXFileReference; lastKnownFileType = file.xib; path = AppointmentCell.xib; sourceTree = "<group>"; };
		A15D001C2086F04200271B9D /* AppUtilities.swift */ = {isa = PBXFileReference; fileEncoding = 4; lastKnownFileType = sourcecode.swift; name = AppUtilities.swift; path = ../../../../../Swift/Commom/AppExtensions/AppUtilities.swift; sourceTree = "<group>"; };
		A1C77DBE2086380200006DD9 /* Barbicha.app */ = {isa = PBXFileReference; explicitFileType = wrapper.application; includeInIndex = 0; path = Barbicha.app; sourceTree = BUILT_PRODUCTS_DIR; };
		A1C77DC82086380400006DD9 /* Assets.xcassets */ = {isa = PBXFileReference; lastKnownFileType = folder.assetcatalog; path = Assets.xcassets; sourceTree = "<group>"; };
		A1C77DCB2086380400006DD9 /* Base */ = {isa = PBXFileReference; lastKnownFileType = file.storyboard; name = Base; path = Base.lproj/LaunchScreen.storyboard; sourceTree = "<group>"; };
		A1C77DCD2086380400006DD9 /* Info.plist */ = {isa = PBXFileReference; lastKnownFileType = text.plist.xml; path = Info.plist; sourceTree = "<group>"; };
		A1C77DD22086380500006DD9 /* BarbichaTests.xctest */ = {isa = PBXFileReference; explicitFileType = wrapper.cfbundle; includeInIndex = 0; path = BarbichaTests.xctest; sourceTree = BUILT_PRODUCTS_DIR; };
		A1C77DD82086380500006DD9 /* Info.plist */ = {isa = PBXFileReference; lastKnownFileType = text.plist.xml; path = Info.plist; sourceTree = "<group>"; };
		A1C77DE2208638A600006DD9 /* AppCoordinator.swift */ = {isa = PBXFileReference; fileEncoding = 4; lastKnownFileType = sourcecode.swift; path = AppCoordinator.swift; sourceTree = "<group>"; };
		A1C77DE3208638A600006DD9 /* MockData.swift */ = {isa = PBXFileReference; fileEncoding = 4; lastKnownFileType = sourcecode.swift; path = MockData.swift; sourceTree = "<group>"; };
		A1C77DE4208638A600006DD9 /* AppInstrospection.swift */ = {isa = PBXFileReference; fileEncoding = 4; lastKnownFileType = sourcecode.swift; path = AppInstrospection.swift; sourceTree = "<group>"; };
		A1C77DE5208638A600006DD9 /* AppDelegate.swift */ = {isa = PBXFileReference; fileEncoding = 4; lastKnownFileType = sourcecode.swift; path = AppDelegate.swift; sourceTree = "<group>"; };
		A1C77DEB208638CA00006DD9 /* Barbershop.swift */ = {isa = PBXFileReference; fileEncoding = 4; lastKnownFileType = sourcecode.swift; path = Barbershop.swift; sourceTree = "<group>"; };
		A1C77DEC208638CA00006DD9 /* Barber.swift */ = {isa = PBXFileReference; fileEncoding = 4; lastKnownFileType = sourcecode.swift; path = Barber.swift; sourceTree = "<group>"; };
		A1C77DF0208638E200006DD9 /* ExposableAsDetails.swift */ = {isa = PBXFileReference; fileEncoding = 4; lastKnownFileType = sourcecode.swift; path = ExposableAsDetails.swift; sourceTree = "<group>"; };
		A1C77DF1208638E200006DD9 /* ExposableAsCollection.swift */ = {isa = PBXFileReference; fileEncoding = 4; lastKnownFileType = sourcecode.swift; path = ExposableAsCollection.swift; sourceTree = "<group>"; };
		A1C77DF2208638E200006DD9 /* Exposable.swift */ = {isa = PBXFileReference; fileEncoding = 4; lastKnownFileType = sourcecode.swift; path = Exposable.swift; sourceTree = "<group>"; };
		A1C77DF7208638EB00006DD9 /* LocationVC.swift */ = {isa = PBXFileReference; fileEncoding = 4; lastKnownFileType = sourcecode.swift; path = LocationVC.swift; sourceTree = "<group>"; };
		A1C77DF8208638EB00006DD9 /* CollectionItemVC.swift */ = {isa = PBXFileReference; fileEncoding = 4; lastKnownFileType = sourcecode.swift; path = CollectionItemVC.swift; sourceTree = "<group>"; };
		A1C77DF9208638EB00006DD9 /* CollectionVC.swift */ = {isa = PBXFileReference; fileEncoding = 4; lastKnownFileType = sourcecode.swift; path = CollectionVC.swift; sourceTree = "<group>"; };
		A1C77DFA208638EB00006DD9 /* GalleryVC.swift */ = {isa = PBXFileReference; fileEncoding = 4; lastKnownFileType = sourcecode.swift; path = GalleryVC.swift; sourceTree = "<group>"; };
		A1C77E002086391F00006DD9 /* CollectionCell.xib */ = {isa = PBXFileReference; fileEncoding = 4; lastKnownFileType = file.xib; path = CollectionCell.xib; sourceTree = "<group>"; };
		A1C77E032086392000006DD9 /* Base */ = {isa = PBXFileReference; lastKnownFileType = file.storyboard; name = Base; path = Main.storyboard; sourceTree = "<group>"; };
		A1C77E042086392000006DD9 /* CollectionCell.swift */ = {isa = PBXFileReference; fileEncoding = 4; lastKnownFileType = sourcecode.swift; path = CollectionCell.swift; sourceTree = "<group>"; };
		A1C77E092086395100006DD9 /* barbeiro01.jpg */ = {isa = PBXFileReference; lastKnownFileType = image.jpeg; path = barbeiro01.jpg; sourceTree = "<group>"; };
		A1C77E0A2086395100006DD9 /* barbeiro02.jpg */ = {isa = PBXFileReference; lastKnownFileType = image.jpeg; path = barbeiro02.jpg; sourceTree = "<group>"; };
		A1C77E0B2086395100006DD9 /* barbeiro03.jpg */ = {isa = PBXFileReference; lastKnownFileType = image.jpeg; path = barbeiro03.jpg; sourceTree = "<group>"; };
		A1C77E0C2086395200006DD9 /* brotherhood.png */ = {isa = PBXFileReference; lastKnownFileType = image.png; path = brotherhood.png; sourceTree = "<group>"; };
		A1C77E0D2086395200006DD9 /* barbeiro04.jpg */ = {isa = PBXFileReference; lastKnownFileType = image.jpeg; path = barbeiro04.jpg; sourceTree = "<group>"; };
		A1C77E142086397900006DD9 /* PlazazCore.framework */ = {isa = PBXFileReference; explicitFileType = wrapper.framework; path = PlazazCore.framework; sourceTree = BUILT_PRODUCTS_DIR; };
		A1C77E17208639C000006DD9 /* UIStoryboardExtension.swift */ = {isa = PBXFileReference; fileEncoding = 4; lastKnownFileType = sourcecode.swift; name = UIStoryboardExtension.swift; path = ../../../../../Swift/Commom/UIKitExtensions/UIStoryboardExtension.swift; sourceTree = "<group>"; };
		A1C77E1920863CD100006DD9 /* AppImage.png */ = {isa = PBXFileReference; lastKnownFileType = image.png; path = AppImage.png; sourceTree = "<group>"; };
		A1C77E1B20863D2100006DD9 /* MainCollection.swift */ = {isa = PBXFileReference; lastKnownFileType = sourcecode.swift; path = MainCollection.swift; sourceTree = "<group>"; };
		A1C77E1D20863F3D00006DD9 /* barbeariaBeto.jpg */ = {isa = PBXFileReference; lastKnownFileType = image.jpeg; path = barbeariaBeto.jpg; sourceTree = "<group>"; };
		A1C77E1F2086474E00006DD9 /* ProfileVC.swift */ = {isa = PBXFileReference; lastKnownFileType = sourcecode.swift; path = ProfileVC.swift; sourceTree = "<group>"; };
		A1C77E5520866B5600006DD9 /* ProfileView.swift */ = {isa = PBXFileReference; fileEncoding = 4; lastKnownFileType = sourcecode.swift; name = ProfileView.swift; path = ../../../../../Swift/CustomControls/ProfileView/ProfileView/ProfileView.swift; sourceTree = "<group>"; };
		A1C77E57208678F700006DD9 /* ProfilePresentationController.swift */ = {isa = PBXFileReference; lastKnownFileType = sourcecode.swift; path = ProfilePresentationController.swift; sourceTree = "<group>"; };
		A1C77E5A20867B3500006DD9 /* ProfileTransitioner.swift */ = {isa = PBXFileReference; lastKnownFileType = sourcecode.swift; path = ProfileTransitioner.swift; sourceTree = "<group>"; };
		A1C77E5C2086819800006DD9 /* ProfileTransitionerDelegate.swift */ = {isa = PBXFileReference; lastKnownFileType = sourcecode.swift; path = ProfileTransitionerDelegate.swift; sourceTree = "<group>"; };
		A1D84C5F2086CDA300276FE0 /* Appointment.swift */ = {isa = PBXFileReference; lastKnownFileType = sourcecode.swift; path = Appointment.swift; sourceTree = "<group>"; };
		A1FC88712087B8F7004F20B3 /* AppColorPallete.swift */ = {isa = PBXFileReference; lastKnownFileType = sourcecode.swift; name = AppColorPallete.swift; path = ../../../../../Swift/Commom/AppExtensions/AppColorPallete.swift; sourceTree = "<group>"; };
/* End PBXFileReference section */

/* Begin PBXFrameworksBuildPhase section */
		A1C77DBB2086380200006DD9 /* Frameworks */ = {
			isa = PBXFrameworksBuildPhase;
			buildActionMask = 2147483647;
			files = (
				A1C77E152086397900006DD9 /* PlazazCore.framework in Frameworks */,
			);
			runOnlyForDeploymentPostprocessing = 0;
		};
		A1C77DCF2086380500006DD9 /* Frameworks */ = {
			isa = PBXFrameworksBuildPhase;
			buildActionMask = 2147483647;
			files = (
			);
			runOnlyForDeploymentPostprocessing = 0;
		};
/* End PBXFrameworksBuildPhase section */

/* Begin PBXGroup section */
		A1C77DB52086380200006DD9 = {
			isa = PBXGroup;
			children = (
				A1C77DC02086380200006DD9 /* Barbicha */,
				A1C77DD52086380500006DD9 /* BarbichaTests */,
				A1C77DBF2086380200006DD9 /* Products */,
				A1C77E132086397900006DD9 /* Frameworks */,
			);
			sourceTree = "<group>";
		};
		A1C77DBF2086380200006DD9 /* Products */ = {
			isa = PBXGroup;
			children = (
				A1C77DBE2086380200006DD9 /* Barbicha.app */,
				A1C77DD22086380500006DD9 /* BarbichaTests.xctest */,
			);
			name = Products;
			sourceTree = "<group>";
		};
		A1C77DC02086380200006DD9 /* Barbicha */ = {
			isa = PBXGroup;
			children = (
				A1C77E16208639A100006DD9 /* Extensions */,
				A1C77DEF208638E200006DD9 /* Protocols */,
				A1C77DE1208638A600006DD9 /* App */,
				A1C77DEA208638CA00006DD9 /* Model */,
				A1C77DF6208638EB00006DD9 /* ViewControllers */,
				A1C77E592086790300006DD9 /* Transitions */,
				A1C77DFF2086390600006DD9 /* Views */,
				A1C77E082086394200006DD9 /* Resources */,
				A1C77DC82086380400006DD9 /* Assets.xcassets */,
				A1C77DCD2086380400006DD9 /* Info.plist */,
			);
			path = Barbicha;
			sourceTree = "<group>";
		};
		A1C77DD52086380500006DD9 /* BarbichaTests */ = {
			isa = PBXGroup;
			children = (
				A1C77DD82086380500006DD9 /* Info.plist */,
				A15D00142086DF6400271B9D /* BarbershopAppointmentsTest.swift */,
			);
			path = BarbichaTests;
			sourceTree = "<group>";
		};
		A1C77DE1208638A600006DD9 /* App */ = {
			isa = PBXGroup;
			children = (
				A1C77DE5208638A600006DD9 /* AppDelegate.swift */,
				A1C77DE2208638A600006DD9 /* AppCoordinator.swift */,
				A1FC88712087B8F7004F20B3 /* AppColorPallete.swift */,
				A15D001C2086F04200271B9D /* AppUtilities.swift */,
				A1C77DE4208638A600006DD9 /* AppInstrospection.swift */,
				A1C77DE3208638A600006DD9 /* MockData.swift */,
			);
			path = App;
			sourceTree = "<group>";
		};
		A1C77DEA208638CA00006DD9 /* Model */ = {
			isa = PBXGroup;
			children = (
				A1C77E1B20863D2100006DD9 /* MainCollection.swift */,
				A1C77DEB208638CA00006DD9 /* Barbershop.swift */,
				A15D00122086DA6100271B9D /* BarbershopAppointments.swift */,
				A1C77DEC208638CA00006DD9 /* Barber.swift */,
				A1D84C5F2086CDA300276FE0 /* Appointment.swift */,
			);
			path = Model;
			sourceTree = "<group>";
		};
		A1C77DEF208638E200006DD9 /* Protocols */ = {
			isa = PBXGroup;
			children = (
				A1C77DF0208638E200006DD9 /* ExposableAsDetails.swift */,
				A1C77DF1208638E200006DD9 /* ExposableAsCollection.swift */,
				A1C77DF2208638E200006DD9 /* Exposable.swift */,
			);
			path = Protocols;
			sourceTree = "<group>";
		};
		A1C77DF6208638EB00006DD9 /* ViewControllers */ = {
			isa = PBXGroup;
			children = (
				A1C77DF9208638EB00006DD9 /* CollectionVC.swift */,
				A1C77DF8208638EB00006DD9 /* CollectionItemVC.swift */,
				A1C77E1F2086474E00006DD9 /* ProfileVC.swift */,
				A1C77DFA208638EB00006DD9 /* GalleryVC.swift */,
				A1C77DF7208638EB00006DD9 /* LocationVC.swift */,
			);
			path = ViewControllers;
			sourceTree = "<group>";
		};
		A1C77DFF2086390600006DD9 /* Views */ = {
			isa = PBXGroup;
			children = (
				A1C77DCA2086380400006DD9 /* LaunchScreen.storyboard */,
				A1C77E022086392000006DD9 /* Main.storyboard */,
				A1C77E5520866B5600006DD9 /* ProfileView.swift */,
				A1C77E042086392000006DD9 /* CollectionCell.swift */,
				A1C77E002086391F00006DD9 /* CollectionCell.xib */,
				A15D00162086E3C800271B9D /* AppointmentCell.swift */,
				A15D00172086E3C800271B9D /* AppointmentCell.xib */,
			);
			path = Views;
			sourceTree = "<group>";
		};
		A1C77E082086394200006DD9 /* Resources */ = {
			isa = PBXGroup;
			children = (
				A1C77E1920863CD100006DD9 /* AppImage.png */,
				A1C77E092086395100006DD9 /* barbeiro01.jpg */,
				A1C77E0A2086395100006DD9 /* barbeiro02.jpg */,
				A1C77E0B2086395100006DD9 /* barbeiro03.jpg */,
				A1C77E0D2086395200006DD9 /* barbeiro04.jpg */,
				A1C77E0C2086395200006DD9 /* brotherhood.png */,
				A1C77E1D20863F3D00006DD9 /* barbeariaBeto.jpg */,
			);
			path = Resources;
			sourceTree = "<group>";
		};
		A1C77E132086397900006DD9 /* Frameworks */ = {
			isa = PBXGroup;
			children = (
				A1C77E142086397900006DD9 /* PlazazCore.framework */,
			);
			name = Frameworks;
			sourceTree = "<group>";
		};
		A1C77E16208639A100006DD9 /* Extensions */ = {
			isa = PBXGroup;
			children = (
				A1C77E17208639C000006DD9 /* UIStoryboardExtension.swift */,
			);
			path = Extensions;
			sourceTree = "<group>";
		};
		A1C77E592086790300006DD9 /* Transitions */ = {
			isa = PBXGroup;
			children = (
				A1C77E57208678F700006DD9 /* ProfilePresentationController.swift */,
				A1C77E5A20867B3500006DD9 /* ProfileTransitioner.swift */,
				A1C77E5C2086819800006DD9 /* ProfileTransitionerDelegate.swift */,
			);
			path = Transitions;
			sourceTree = "<group>";
		};
/* End PBXGroup section */

/* Begin PBXNativeTarget section */
		A1C77DBD2086380200006DD9 /* Barbicha */ = {
			isa = PBXNativeTarget;
			buildConfigurationList = A1C77DDB2086380500006DD9 /* Build configuration list for PBXNativeTarget "Barbicha" */;
			buildPhases = (
				A1C77DBA2086380200006DD9 /* Sources */,
				A1C77DBB2086380200006DD9 /* Frameworks */,
				A1C77DBC2086380200006DD9 /* Resources */,
			);
			buildRules = (
			);
			dependencies = (
			);
			name = Barbicha;
			productName = Barbicha;
			productReference = A1C77DBE2086380200006DD9 /* Barbicha.app */;
			productType = "com.apple.product-type.application";
		};
		A1C77DD12086380500006DD9 /* BarbichaTests */ = {
			isa = PBXNativeTarget;
			buildConfigurationList = A1C77DDE2086380500006DD9 /* Build configuration list for PBXNativeTarget "BarbichaTests" */;
			buildPhases = (
				A1C77DCE2086380500006DD9 /* Sources */,
				A1C77DCF2086380500006DD9 /* Frameworks */,
				A1C77DD02086380500006DD9 /* Resources */,
			);
			buildRules = (
			);
			dependencies = (
				A1C77DD42086380500006DD9 /* PBXTargetDependency */,
			);
			name = BarbichaTests;
			productName = BarbichaTests;
			productReference = A1C77DD22086380500006DD9 /* BarbichaTests.xctest */;
			productType = "com.apple.product-type.bundle.unit-test";
		};
/* End PBXNativeTarget section */

/* Begin PBXProject section */
		A1C77DB62086380200006DD9 /* Project object */ = {
			isa = PBXProject;
			attributes = {
				LastSwiftUpdateCheck = 0930;
				LastUpgradeCheck = 0930;
				ORGANIZATIONNAME = "Gustavo Tavares";
				TargetAttributes = {
					A1C77DBD2086380200006DD9 = {
						CreatedOnToolsVersion = 9.3;
					};
					A1C77DD12086380500006DD9 = {
						CreatedOnToolsVersion = 9.3;
						LastSwiftMigration = 0930;
						TestTargetID = A1C77DBD2086380200006DD9;
					};
				};
			};
			buildConfigurationList = A1C77DB92086380200006DD9 /* Build configuration list for PBXProject "Barbicha" */;
			compatibilityVersion = "Xcode 9.3";
			developmentRegion = en;
			hasScannedForEncodings = 0;
			knownRegions = (
				en,
				Base,
			);
			mainGroup = A1C77DB52086380200006DD9;
			productRefGroup = A1C77DBF2086380200006DD9 /* Products */;
			projectDirPath = "";
			projectRoot = "";
			targets = (
				A1C77DBD2086380200006DD9 /* Barbicha */,
				A1C77DD12086380500006DD9 /* BarbichaTests */,
			);
		};
/* End PBXProject section */

/* Begin PBXResourcesBuildPhase section */
		A1C77DBC2086380200006DD9 /* Resources */ = {
			isa = PBXResourcesBuildPhase;
			buildActionMask = 2147483647;
			files = (
				A1C77E052086392000006DD9 /* CollectionCell.xib in Resources */,
				A1C77E1A20863CD200006DD9 /* AppImage.png in Resources */,
				A1C77E0F2086395200006DD9 /* barbeiro02.jpg in Resources */,
				A1C77E1E20863F3D00006DD9 /* barbeariaBeto.jpg in Resources */,
				A1C77E122086395200006DD9 /* barbeiro04.jpg in Resources */,
				A1C77E112086395200006DD9 /* brotherhood.png in Resources */,
				A1C77E0E2086395200006DD9 /* barbeiro01.jpg in Resources */,
				A1C77DCC2086380400006DD9 /* LaunchScreen.storyboard in Resources */,
				A1C77DC92086380400006DD9 /* Assets.xcassets in Resources */,
				A1C77E062086392000006DD9 /* Main.storyboard in Resources */,
				A1C77E102086395200006DD9 /* barbeiro03.jpg in Resources */,
				A15D00192086E3C800271B9D /* AppointmentCell.xib in Resources */,
			);
			runOnlyForDeploymentPostprocessing = 0;
		};
		A1C77DD02086380500006DD9 /* Resources */ = {
			isa = PBXResourcesBuildPhase;
			buildActionMask = 2147483647;
			files = (
			);
			runOnlyForDeploymentPostprocessing = 0;
		};
/* End PBXResourcesBuildPhase section */

/* Begin PBXSourcesBuildPhase section */
		A1C77DBA2086380200006DD9 /* Sources */ = {
			isa = PBXSourcesBuildPhase;
			buildActionMask = 2147483647;
			files = (
				A1C77E1C20863D2100006DD9 /* MainCollection.swift in Sources */,
				A15D00132086DA6100271B9D /* BarbershopAppointments.swift in Sources */,
				A1C77E58208678F700006DD9 /* ProfilePresentationController.swift in Sources */,
				A1C77DFC208638EB00006DD9 /* CollectionItemVC.swift in Sources */,
				A1C77DFE208638EB00006DD9 /* GalleryVC.swift in Sources */,
				A1C77DF5208638E300006DD9 /* Exposable.swift in Sources */,
				A1C77DE9208638A600006DD9 /* AppDelegate.swift in Sources */,
				A15D00182086E3C800271B9D /* AppointmentCell.swift in Sources */,
				A1C77DF4208638E300006DD9 /* ExposableAsCollection.swift in Sources */,
				A1C77DE6208638A600006DD9 /* AppCoordinator.swift in Sources */,
				A1C77DED208638CA00006DD9 /* Barbershop.swift in Sources */,
				A1FC88722087B8F7004F20B3 /* AppColorPallete.swift in Sources */,
				A1C77E18208639C100006DD9 /* UIStoryboardExtension.swift in Sources */,
				A1C77DFB208638EB00006DD9 /* LocationVC.swift in Sources */,
				A1C77E5D2086819800006DD9 /* ProfileTransitionerDelegate.swift in Sources */,
				A1C77E5620866B5600006DD9 /* ProfileView.swift in Sources */,
				A1D84C602086CDA300276FE0 /* Appointment.swift in Sources */,
				A1C77DEE208638CA00006DD9 /* Barber.swift in Sources */,
				A15D001D2086F04200271B9D /* AppUtilities.swift in Sources */,
				A1C77DF3208638E300006DD9 /* ExposableAsDetails.swift in Sources */,
				A1C77DE7208638A600006DD9 /* MockData.swift in Sources */,
				A1C77E5B20867B3500006DD9 /* ProfileTransitioner.swift in Sources */,
				A1C77E202086474E00006DD9 /* ProfileVC.swift in Sources */,
				A1C77E072086392000006DD9 /* CollectionCell.swift in Sources */,
				A1C77DFD208638EB00006DD9 /* CollectionVC.swift in Sources */,
				A1C77DE8208638A600006DD9 /* AppInstrospection.swift in Sources */,
			);
			runOnlyForDeploymentPostprocessing = 0;
		};
		A1C77DCE2086380500006DD9 /* Sources */ = {
			isa = PBXSourcesBuildPhase;
			buildActionMask = 2147483647;
			files = (
				A15D00152086DF6400271B9D /* BarbershopAppointmentsTest.swift in Sources */,
			);
			runOnlyForDeploymentPostprocessing = 0;
		};
/* End PBXSourcesBuildPhase section */

/* Begin PBXTargetDependency section */
		A1C77DD42086380500006DD9 /* PBXTargetDependency */ = {
			isa = PBXTargetDependency;
			target = A1C77DBD2086380200006DD9 /* Barbicha */;
			targetProxy = A1C77DD32086380500006DD9 /* PBXContainerItemProxy */;
		};
/* End PBXTargetDependency section */

/* Begin PBXVariantGroup section */
		A1C77DCA2086380400006DD9 /* LaunchScreen.storyboard */ = {
			isa = PBXVariantGroup;
			children = (
				A1C77DCB2086380400006DD9 /* Base */,
			);
			name = LaunchScreen.storyboard;
			sourceTree = "<group>";
		};
		A1C77E022086392000006DD9 /* Main.storyboard */ = {
			isa = PBXVariantGroup;
			children = (
				A1C77E032086392000006DD9 /* Base */,
			);
			name = Main.storyboard;
			sourceTree = "<group>";
		};
/* End PBXVariantGroup section */

/* Begin XCBuildConfiguration section */
		A1C77DD92086380500006DD9 /* Debug */ = {
			isa = XCBuildConfiguration;
			buildSettings = {
				ALWAYS_SEARCH_USER_PATHS = NO;
				CLANG_ANALYZER_NONNULL = YES;
				CLANG_ANALYZER_NUMBER_OBJECT_CONVERSION = YES_AGGRESSIVE;
				CLANG_CXX_LANGUAGE_STANDARD = "gnu++14";
				CLANG_CXX_LIBRARY = "libc++";
				CLANG_ENABLE_MODULES = YES;
				CLANG_ENABLE_OBJC_ARC = YES;
				CLANG_ENABLE_OBJC_WEAK = YES;
				CLANG_WARN_BLOCK_CAPTURE_AUTORELEASING = YES;
				CLANG_WARN_BOOL_CONVERSION = YES;
				CLANG_WARN_COMMA = YES;
				CLANG_WARN_CONSTANT_CONVERSION = YES;
				CLANG_WARN_DEPRECATED_OBJC_IMPLEMENTATIONS = YES;
				CLANG_WARN_DIRECT_OBJC_ISA_USAGE = YES_ERROR;
				CLANG_WARN_DOCUMENTATION_COMMENTS = YES;
				CLANG_WARN_EMPTY_BODY = YES;
				CLANG_WARN_ENUM_CONVERSION = YES;
				CLANG_WARN_INFINITE_RECURSION = YES;
				CLANG_WARN_INT_CONVERSION = YES;
				CLANG_WARN_NON_LITERAL_NULL_CONVERSION = YES;
				CLANG_WARN_OBJC_IMPLICIT_RETAIN_SELF = YES;
				CLANG_WARN_OBJC_LITERAL_CONVERSION = YES;
				CLANG_WARN_OBJC_ROOT_CLASS = YES_ERROR;
				CLANG_WARN_RANGE_LOOP_ANALYSIS = YES;
				CLANG_WARN_STRICT_PROTOTYPES = YES;
				CLANG_WARN_SUSPICIOUS_MOVE = YES;
				CLANG_WARN_UNGUARDED_AVAILABILITY = YES_AGGRESSIVE;
				CLANG_WARN_UNREACHABLE_CODE = YES;
				CLANG_WARN__DUPLICATE_METHOD_MATCH = YES;
				CODE_SIGN_IDENTITY = "iPhone Developer";
				COPY_PHASE_STRIP = NO;
				DEBUG_INFORMATION_FORMAT = dwarf;
				ENABLE_STRICT_OBJC_MSGSEND = YES;
				ENABLE_TESTABILITY = YES;
				GCC_C_LANGUAGE_STANDARD = gnu11;
				GCC_DYNAMIC_NO_PIC = NO;
				GCC_NO_COMMON_BLOCKS = YES;
				GCC_OPTIMIZATION_LEVEL = 0;
				GCC_PREPROCESSOR_DEFINITIONS = (
					"DEBUG=1",
					"$(inherited)",
				);
				GCC_WARN_64_TO_32_BIT_CONVERSION = YES;
				GCC_WARN_ABOUT_RETURN_TYPE = YES_ERROR;
				GCC_WARN_UNDECLARED_SELECTOR = YES;
				GCC_WARN_UNINITIALIZED_AUTOS = YES_AGGRESSIVE;
				GCC_WARN_UNUSED_FUNCTION = YES;
				GCC_WARN_UNUSED_VARIABLE = YES;
				IPHONEOS_DEPLOYMENT_TARGET = 11.3;
				MTL_ENABLE_DEBUG_INFO = YES;
				ONLY_ACTIVE_ARCH = YES;
				SDKROOT = iphoneos;
				SWIFT_ACTIVE_COMPILATION_CONDITIONS = DEBUG;
				SWIFT_OPTIMIZATION_LEVEL = "-Onone";
			};
			name = Debug;
		};
		A1C77DDA2086380500006DD9 /* Release */ = {
			isa = XCBuildConfiguration;
			buildSettings = {
				ALWAYS_SEARCH_USER_PATHS = NO;
				CLANG_ANALYZER_NONNULL = YES;
				CLANG_ANALYZER_NUMBER_OBJECT_CONVERSION = YES_AGGRESSIVE;
				CLANG_CXX_LANGUAGE_STANDARD = "gnu++14";
				CLANG_CXX_LIBRARY = "libc++";
				CLANG_ENABLE_MODULES = YES;
				CLANG_ENABLE_OBJC_ARC = YES;
				CLANG_ENABLE_OBJC_WEAK = YES;
				CLANG_WARN_BLOCK_CAPTURE_AUTORELEASING = YES;
				CLANG_WARN_BOOL_CONVERSION = YES;
				CLANG_WARN_COMMA = YES;
				CLANG_WARN_CONSTANT_CONVERSION = YES;
				CLANG_WARN_DEPRECATED_OBJC_IMPLEMENTATIONS = YES;
				CLANG_WARN_DIRECT_OBJC_ISA_USAGE = YES_ERROR;
				CLANG_WARN_DOCUMENTATION_COMMENTS = YES;
				CLANG_WARN_EMPTY_BODY = YES;
				CLANG_WARN_ENUM_CONVERSION = YES;
				CLANG_WARN_INFINITE_RECURSION = YES;
				CLANG_WARN_INT_CONVERSION = YES;
				CLANG_WARN_NON_LITERAL_NULL_CONVERSION = YES;
				CLANG_WARN_OBJC_IMPLICIT_RETAIN_SELF = YES;
				CLANG_WARN_OBJC_LITERAL_CONVERSION = YES;
				CLANG_WARN_OBJC_ROOT_CLASS = YES_ERROR;
				CLANG_WARN_RANGE_LOOP_ANALYSIS = YES;
				CLANG_WARN_STRICT_PROTOTYPES = YES;
				CLANG_WARN_SUSPICIOUS_MOVE = YES;
				CLANG_WARN_UNGUARDED_AVAILABILITY = YES_AGGRESSIVE;
				CLANG_WARN_UNREACHABLE_CODE = YES;
				CLANG_WARN__DUPLICATE_METHOD_MATCH = YES;
				CODE_SIGN_IDENTITY = "iPhone Developer";
				COPY_PHASE_STRIP = NO;
				DEBUG_INFORMATION_FORMAT = "dwarf-with-dsym";
				ENABLE_NS_ASSERTIONS = NO;
				ENABLE_STRICT_OBJC_MSGSEND = YES;
				GCC_C_LANGUAGE_STANDARD = gnu11;
				GCC_NO_COMMON_BLOCKS = YES;
				GCC_WARN_64_TO_32_BIT_CONVERSION = YES;
				GCC_WARN_ABOUT_RETURN_TYPE = YES_ERROR;
				GCC_WARN_UNDECLARED_SELECTOR = YES;
				GCC_WARN_UNINITIALIZED_AUTOS = YES_AGGRESSIVE;
				GCC_WARN_UNUSED_FUNCTION = YES;
				GCC_WARN_UNUSED_VARIABLE = YES;
				IPHONEOS_DEPLOYMENT_TARGET = 11.3;
				MTL_ENABLE_DEBUG_INFO = NO;
				SDKROOT = iphoneos;
				SWIFT_COMPILATION_MODE = wholemodule;
				SWIFT_OPTIMIZATION_LEVEL = "-O";
				VALIDATE_PRODUCT = YES;
			};
			name = Release;
		};
		A1C77DDC2086380500006DD9 /* Debug */ = {
			isa = XCBuildConfiguration;
			buildSettings = {
				ASSETCATALOG_COMPILER_APPICON_NAME = AppIcon;
				CODE_SIGN_STYLE = Automatic;
				DEVELOPMENT_TEAM = 7YB9C5DSP3;
				INFOPLIST_FILE = Barbicha/Info.plist;
				LD_RUNPATH_SEARCH_PATHS = (
					"$(inherited)",
					"@executable_path/Frameworks",
				);
				PRODUCT_BUNDLE_IDENTIFIER = br.com.plazaz.barbicha;
				PRODUCT_NAME = "$(TARGET_NAME)";
				SWIFT_VERSION = 4.0;
				TARGETED_DEVICE_FAMILY = "1,2";
			};
			name = Debug;
		};
		A1C77DDD2086380500006DD9 /* Release */ = {
			isa = XCBuildConfiguration;
			buildSettings = {
				ASSETCATALOG_COMPILER_APPICON_NAME = AppIcon;
				CODE_SIGN_STYLE = Automatic;
				DEVELOPMENT_TEAM = 7YB9C5DSP3;
				INFOPLIST_FILE = Barbicha/Info.plist;
				LD_RUNPATH_SEARCH_PATHS = (
					"$(inherited)",
					"@executable_path/Frameworks",
				);
				PRODUCT_BUNDLE_IDENTIFIER = br.com.plazaz.barbicha;
				PRODUCT_NAME = "$(TARGET_NAME)";
				SWIFT_VERSION = 4.0;
				TARGETED_DEVICE_FAMILY = "1,2";
			};
			name = Release;
		};
		A1C77DDF2086380500006DD9 /* Debug */ = {
			isa = XCBuildConfiguration;
			buildSettings = {
				ALWAYS_EMBED_SWIFT_STANDARD_LIBRARIES = YES;
				BUNDLE_LOADER = "$(TEST_HOST)";
				CLANG_ENABLE_MODULES = YES;
				CODE_SIGN_STYLE = Automatic;
				DEVELOPMENT_TEAM = 7YB9C5DSP3;
				INFOPLIST_FILE = BarbichaTests/Info.plist;
				LD_RUNPATH_SEARCH_PATHS = (
					"$(inherited)",
					"@executable_path/Frameworks",
					"@loader_path/Frameworks",
				);
				PRODUCT_BUNDLE_IDENTIFIER = br.com.plazaz.BarbichaTests;
				PRODUCT_NAME = "$(TARGET_NAME)";
				SWIFT_OPTIMIZATION_LEVEL = "-Onone";
				SWIFT_VERSION = 4.0;
				TARGETED_DEVICE_FAMILY = "1,2";
				TEST_HOST = "$(BUILT_PRODUCTS_DIR)/Barbicha.app/Barbicha";
			};
			name = Debug;
		};
		A1C77DE02086380500006DD9 /* Release */ = {
			isa = XCBuildConfiguration;
			buildSettings = {
				ALWAYS_EMBED_SWIFT_STANDARD_LIBRARIES = YES;
				BUNDLE_LOADER = "$(TEST_HOST)";
				CLANG_ENABLE_MODULES = YES;
				CODE_SIGN_STYLE = Automatic;
				DEVELOPMENT_TEAM = 7YB9C5DSP3;
				INFOPLIST_FILE = BarbichaTests/Info.plist;
				LD_RUNPATH_SEARCH_PATHS = (
					"$(inherited)",
					"@executable_path/Frameworks",
					"@loader_path/Frameworks",
				);
				PRODUCT_BUNDLE_IDENTIFIER = br.com.plazaz.BarbichaTests;
				PRODUCT_NAME = "$(TARGET_NAME)";
				SWIFT_VERSION = 4.0;
				TARGETED_DEVICE_FAMILY = "1,2";
				TEST_HOST = "$(BUILT_PRODUCTS_DIR)/Barbicha.app/Barbicha";
			};
			name = Release;
		};
/* End XCBuildConfiguration section */

/* Begin XCConfigurationList section */
		A1C77DB92086380200006DD9 /* Build configuration list for PBXProject "Barbicha" */ = {
			isa = XCConfigurationList;
			buildConfigurations = (
				A1C77DD92086380500006DD9 /* Debug */,
				A1C77DDA2086380500006DD9 /* Release */,
			);
			defaultConfigurationIsVisible = 0;
			defaultConfigurationName = Release;
		};
		A1C77DDB2086380500006DD9 /* Build configuration list for PBXNativeTarget "Barbicha" */ = {
			isa = XCConfigurationList;
			buildConfigurations = (
				A1C77DDC2086380500006DD9 /* Debug */,
				A1C77DDD2086380500006DD9 /* Release */,
			);
			defaultConfigurationIsVisible = 0;
			defaultConfigurationName = Release;
		};
		A1C77DDE2086380500006DD9 /* Build configuration list for PBXNativeTarget "BarbichaTests" */ = {
			isa = XCConfigurationList;
			buildConfigurations = (
				A1C77DDF2086380500006DD9 /* Debug */,
				A1C77DE02086380500006DD9 /* Release */,
			);
			defaultConfigurationIsVisible = 0;
			defaultConfigurationName = Release;
		};
/* End XCConfigurationList section */
	};
	rootObject = A1C77DB62086380200006DD9 /* Project object */;
}
